
Microsoft Visual Studio Solution File, Format Version 12.00
# Visual Studio Version 17
VisualStudioVersion = 17.0.31903.59
MinimumVisualStudioVersion = 10.0.40219.1
Project("{2150E333-8FDC-42A3-9474-1A3956D46DE8}") = "AuthService", "AuthService", "{54C27F26-71CB-9721-02CF-9E5332C2F895}"
EndProject
Project("{FAE04EC0-301F-11D3-BF4B-00C04F79EFBC}") = "Auth.Api", "AuthService\Auth.Api\Auth.Api.csproj", "{451DB42F-EA86-40F1-B841-5E3962A27EEF}"
EndProject
Project("{FAE04EC0-301F-11D3-BF4B-00C04F79EFBC}") = "Auth.Infrastructure", "AuthService\Auth.Infrastructure\Auth.Infrastructure.csproj", "{9D136E9A-37FF-4D4B-87AA-CCF9979726F3}"
EndProject
Project("{FAE04EC0-301F-11D3-BF4B-00C04F79EFBC}") = "Auth.Application", "AuthService\Auth.Application\Auth.Application.csproj", "{44594DC8-86B5-4098-91F2-76BBF0CC74FB}"
EndProject
Project("{FAE04EC0-301F-11D3-BF4B-00C04F79EFBC}") = "Auth.Domain", "AuthService\Auth.Domain\Auth.Domain.csproj", "{23E6DD21-2C0A-46C8-BD74-A334B27F23CF}"
EndProject
Project("{FAE04EC0-301F-11D3-BF4B-00C04F79EFBC}") = "Auth.Test", "AuthService\Auth.Test\Auth.Test.csproj", "{8AC919E3-7BD6-4822-9E8D-CC0184C3A5CD}"
EndProject
Project("{2150E333-8FDC-42A3-9474-1A3956D46DE8}") = "UrlService", "UrlService", "{A83C926C-9EFE-6B3C-C52F-11854CC4D9A7}"
EndProject
Project("{FAE04EC0-301F-11D3-BF4B-00C04F79EFBC}") = "Url.Test", "UrlService\Url.Test\Url.Test.csproj", "{49026E6C-80F9-4909-9762-FF3078736EC1}"
EndProject
Project("{FAE04EC0-301F-11D3-BF4B-00C04F79EFBC}") = "Url.Api", "UrlService\Url.Api\Url.Api.csproj", "{4FA584BB-3AAB-4B8C-9CE1-EEE2F4C9650D}"
EndProject
Project("{FAE04EC0-301F-11D3-BF4B-00C04F79EFBC}") = "Url.Application", "UrlService\Url.Application\Url.Application.csproj", "{397F7AE4-5416-4DE5-946F-0AE3C6B3964E}"
EndProject
Project("{FAE04EC0-301F-11D3-BF4B-00C04F79EFBC}") = "Url.Infrastructure", "UrlService\Url.Infrastructure\Url.Infrastructure.csproj", "{89C6504F-A46A-4230-B3D7-768B9863E686}"
EndProject
Project("{FAE04EC0-301F-11D3-BF4B-00C04F79EFBC}") = "Url.Domain", "UrlService\Url.Domain\Url.Domain.csproj", "{607BAE39-35C8-4D58-A21A-8F4D41706FEB}"
EndProject
Global
	GlobalSection(SolutionConfigurationPlatforms) = preSolution
		Debug|Any CPU = Debug|Any CPU
		Debug|x64 = Debug|x64
		Debug|x86 = Debug|x86
		Release|Any CPU = Release|Any CPU
		Release|x64 = Release|x64
		Release|x86 = Release|x86
	EndGlobalSection
	GlobalSection(ProjectConfigurationPlatforms) = postSolution
		{451DB42F-EA86-40F1-B841-5E3962A27EEF}.Debug|Any CPU.ActiveCfg = Debug|Any CPU
		{451DB42F-EA86-40F1-B841-5E3962A27EEF}.Debug|Any CPU.Build.0 = Debug|Any CPU
		{451DB42F-EA86-40F1-B841-5E3962A27EEF}.Debug|x64.ActiveCfg = Debug|Any CPU
		{451DB42F-EA86-40F1-B841-5E3962A27EEF}.Debug|x64.Build.0 = Debug|Any CPU
		{451DB42F-EA86-40F1-B841-5E3962A27EEF}.Debug|x86.ActiveCfg = Debug|Any CPU
		{451DB42F-EA86-40F1-B841-5E3962A27EEF}.Debug|x86.Build.0 = Debug|Any CPU
		{451DB42F-EA86-40F1-B841-5E3962A27EEF}.Release|Any CPU.ActiveCfg = Release|Any CPU
		{451DB42F-EA86-40F1-B841-5E3962A27EEF}.Release|Any CPU.Build.0 = Release|Any CPU
		{451DB42F-EA86-40F1-B841-5E3962A27EEF}.Release|x64.ActiveCfg = Release|Any CPU
		{451DB42F-EA86-40F1-B841-5E3962A27EEF}.Release|x64.Build.0 = Release|Any CPU
		{451DB42F-EA86-40F1-B841-5E3962A27EEF}.Release|x86.ActiveCfg = Release|Any CPU
		{451DB42F-EA86-40F1-B841-5E3962A27EEF}.Release|x86.Build.0 = Release|Any CPU
		{9D136E9A-37FF-4D4B-87AA-CCF9979726F3}.Debug|Any CPU.ActiveCfg = Debug|Any CPU
		{9D136E9A-37FF-4D4B-87AA-CCF9979726F3}.Debug|Any CPU.Build.0 = Debug|Any CPU
		{9D136E9A-37FF-4D4B-87AA-CCF9979726F3}.Debug|x64.ActiveCfg = Debug|Any CPU
		{9D136E9A-37FF-4D4B-87AA-CCF9979726F3}.Debug|x64.Build.0 = Debug|Any CPU
		{9D136E9A-37FF-4D4B-87AA-CCF9979726F3}.Debug|x86.ActiveCfg = Debug|Any CPU
		{9D136E9A-37FF-4D4B-87AA-CCF9979726F3}.Debug|x86.Build.0 = Debug|Any CPU
		{9D136E9A-37FF-4D4B-87AA-CCF9979726F3}.Release|Any CPU.ActiveCfg = Release|Any CPU
		{9D136E9A-37FF-4D4B-87AA-CCF9979726F3}.Release|Any CPU.Build.0 = Release|Any CPU
		{9D136E9A-37FF-4D4B-87AA-CCF9979726F3}.Release|x64.ActiveCfg = Release|Any CPU
		{9D136E9A-37FF-4D4B-87AA-CCF9979726F3}.Release|x64.Build.0 = Release|Any CPU
		{9D136E9A-37FF-4D4B-87AA-CCF9979726F3}.Release|x86.ActiveCfg = Release|Any CPU
		{9D136E9A-37FF-4D4B-87AA-CCF9979726F3}.Release|x86.Build.0 = Release|Any CPU
		{44594DC8-86B5-4098-91F2-76BBF0CC74FB}.Debug|Any CPU.ActiveCfg = Debug|Any CPU
		{44594DC8-86B5-4098-91F2-76BBF0CC74FB}.Debug|Any CPU.Build.0 = Debug|Any CPU
		{44594DC8-86B5-4098-91F2-76BBF0CC74FB}.Debug|x64.ActiveCfg = Debug|Any CPU
		{44594DC8-86B5-4098-91F2-76BBF0CC74FB}.Debug|x64.Build.0 = Debug|Any CPU
		{44594DC8-86B5-4098-91F2-76BBF0CC74FB}.Debug|x86.ActiveCfg = Debug|Any CPU
		{44594DC8-86B5-4098-91F2-76BBF0CC74FB}.Debug|x86.Build.0 = Debug|Any CPU
		{44594DC8-86B5-4098-91F2-76BBF0CC74FB}.Release|Any CPU.ActiveCfg = Release|Any CPU
		{44594DC8-86B5-4098-91F2-76BBF0CC74FB}.Release|Any CPU.Build.0 = Release|Any CPU
		{44594DC8-86B5-4098-91F2-76BBF0CC74FB}.Release|x64.ActiveCfg = Release|Any CPU
		{44594DC8-86B5-4098-91F2-76BBF0CC74FB}.Release|x64.Build.0 = Release|Any CPU
		{44594DC8-86B5-4098-91F2-76BBF0CC74FB}.Release|x86.ActiveCfg = Release|Any CPU
		{44594DC8-86B5-4098-91F2-76BBF0CC74FB}.Release|x86.Build.0 = Release|Any CPU
		{23E6DD21-2C0A-46C8-BD74-A334B27F23CF}.Debug|Any CPU.ActiveCfg = Debug|Any CPU
		{23E6DD21-2C0A-46C8-BD74-A334B27F23CF}.Debug|Any CPU.Build.0 = Debug|Any CPU
		{23E6DD21-2C0A-46C8-BD74-A334B27F23CF}.Debug|x64.ActiveCfg = Debug|Any CPU
		{23E6DD21-2C0A-46C8-BD74-A334B27F23CF}.Debug|x64.Build.0 = Debug|Any CPU
		{23E6DD21-2C0A-46C8-BD74-A334B27F23CF}.Debug|x86.ActiveCfg = Debug|Any CPU
		{23E6DD21-2C0A-46C8-BD74-A334B27F23CF}.Debug|x86.Build.0 = Debug|Any CPU
		{23E6DD21-2C0A-46C8-BD74-A334B27F23CF}.Release|Any CPU.ActiveCfg = Release|Any CPU
		{23E6DD21-2C0A-46C8-BD74-A334B27F23CF}.Release|Any CPU.Build.0 = Release|Any CPU
		{23E6DD21-2C0A-46C8-BD74-A334B27F23CF}.Release|x64.ActiveCfg = Release|Any CPU
		{23E6DD21-2C0A-46C8-BD74-A334B27F23CF}.Release|x64.Build.0 = Release|Any CPU
		{23E6DD21-2C0A-46C8-BD74-A334B27F23CF}.Release|x86.ActiveCfg = Release|Any CPU
		{23E6DD21-2C0A-46C8-BD74-A334B27F23CF}.Release|x86.Build.0 = Release|Any CPU
		{8AC919E3-7BD6-4822-9E8D-CC0184C3A5CD}.Debug|Any CPU.ActiveCfg = Debug|Any CPU
		{8AC919E3-7BD6-4822-9E8D-CC0184C3A5CD}.Debug|Any CPU.Build.0 = Debug|Any CPU
		{8AC919E3-7BD6-4822-9E8D-CC0184C3A5CD}.Debug|x64.ActiveCfg = Debug|Any CPU
		{8AC919E3-7BD6-4822-9E8D-CC0184C3A5CD}.Debug|x64.Build.0 = Debug|Any CPU
		{8AC919E3-7BD6-4822-9E8D-CC0184C3A5CD}.Debug|x86.ActiveCfg = Debug|Any CPU
		{8AC919E3-7BD6-4822-9E8D-CC0184C3A5CD}.Debug|x86.Build.0 = Debug|Any CPU
		{8AC919E3-7BD6-4822-9E8D-CC0184C3A5CD}.Release|Any CPU.ActiveCfg = Release|Any CPU
		{8AC919E3-7BD6-4822-9E8D-CC0184C3A5CD}.Release|Any CPU.Build.0 = Release|Any CPU
		{8AC919E3-7BD6-4822-9E8D-CC0184C3A5CD}.Release|x64.ActiveCfg = Release|Any CPU
		{8AC919E3-7BD6-4822-9E8D-CC0184C3A5CD}.Release|x64.Build.0 = Release|Any CPU
		{8AC919E3-7BD6-4822-9E8D-CC0184C3A5CD}.Release|x86.ActiveCfg = Release|Any CPU
		{8AC919E3-7BD6-4822-9E8D-CC0184C3A5CD}.Release|x86.Build.0 = Release|Any CPU
		{49026E6C-80F9-4909-9762-FF3078736EC1}.Debug|Any CPU.ActiveCfg = Debug|Any CPU
		{49026E6C-80F9-4909-9762-FF3078736EC1}.Debug|Any CPU.Build.0 = Debug|Any CPU
		{49026E6C-80F9-4909-9762-FF3078736EC1}.Debug|x64.ActiveCfg = Debug|Any CPU
		{49026E6C-80F9-4909-9762-FF3078736EC1}.Debug|x64.Build.0 = Debug|Any CPU
		{49026E6C-80F9-4909-9762-FF3078736EC1}.Debug|x86.ActiveCfg = Debug|Any CPU
		{49026E6C-80F9-4909-9762-FF3078736EC1}.Debug|x86.Build.0 = Debug|Any CPU
		{49026E6C-80F9-4909-9762-FF3078736EC1}.Release|Any CPU.ActiveCfg = Release|Any CPU
		{49026E6C-80F9-4909-9762-FF3078736EC1}.Release|Any CPU.Build.0 = Release|Any CPU
		{49026E6C-80F9-4909-9762-FF3078736EC1}.Release|x64.ActiveCfg = Release|Any CPU
		{49026E6C-80F9-4909-9762-FF3078736EC1}.Release|x64.Build.0 = Release|Any CPU
		{49026E6C-80F9-4909-9762-FF3078736EC1}.Release|x86.ActiveCfg = Release|Any CPU
		{49026E6C-80F9-4909-9762-FF3078736EC1}.Release|x86.Build.0 = Release|Any CPU
		{4FA584BB-3AAB-4B8C-9CE1-EEE2F4C9650D}.Debug|Any CPU.ActiveCfg = Debug|Any CPU
		{4FA584BB-3AAB-4B8C-9CE1-EEE2F4C9650D}.Debug|Any CPU.Build.0 = Debug|Any CPU
		{4FA584BB-3AAB-4B8C-9CE1-EEE2F4C9650D}.Debug|x64.ActiveCfg = Debug|Any CPU
		{4FA584BB-3AAB-4B8C-9CE1-EEE2F4C9650D}.Debug|x64.Build.0 = Debug|Any CPU
		{4FA584BB-3AAB-4B8C-9CE1-EEE2F4C9650D}.Debug|x86.ActiveCfg = Debug|Any CPU
		{4FA584BB-3AAB-4B8C-9CE1-EEE2F4C9650D}.Debug|x86.Build.0 = Debug|Any CPU
		{4FA584BB-3AAB-4B8C-9CE1-EEE2F4C9650D}.Release|Any CPU.ActiveCfg = Release|Any CPU
		{4FA584BB-3AAB-4B8C-9CE1-EEE2F4C9650D}.Release|Any CPU.Build.0 = Release|Any CPU
		{4FA584BB-3AAB-4B8C-9CE1-EEE2F4C9650D}.Release|x64.ActiveCfg = Release|Any CPU
		{4FA584BB-3AAB-4B8C-9CE1-EEE2F4C9650D}.Release|x64.Build.0 = Release|Any CPU
		{4FA584BB-3AAB-4B8C-9CE1-EEE2F4C9650D}.Release|x86.ActiveCfg = Release|Any CPU
		{4FA584BB-3AAB-4B8C-9CE1-EEE2F4C9650D}.Release|x86.Build.0 = Release|Any CPU
		{397F7AE4-5416-4DE5-946F-0AE3C6B3964E}.Debug|Any CPU.ActiveCfg = Debug|Any CPU
		{397F7AE4-5416-4DE5-946F-0AE3C6B3964E}.Debug|Any CPU.Build.0 = Debug|Any CPU
		{397F7AE4-5416-4DE5-946F-0AE3C6B3964E}.Debug|x64.ActiveCfg = Debug|Any CPU
		{397F7AE4-5416-4DE5-946F-0AE3C6B3964E}.Debug|x64.Build.0 = Debug|Any CPU
		{397F7AE4-5416-4DE5-946F-0AE3C6B3964E}.Debug|x86.ActiveCfg = Debug|Any CPU
		{397F7AE4-5416-4DE5-946F-0AE3C6B3964E}.Debug|x86.Build.0 = Debug|Any CPU
		{397F7AE4-5416-4DE5-946F-0AE3C6B3964E}.Release|Any CPU.ActiveCfg = Release|Any CPU
		{397F7AE4-5416-4DE5-946F-0AE3C6B3964E}.Release|Any CPU.Build.0 = Release|Any CPU
		{397F7AE4-5416-4DE5-946F-0AE3C6B3964E}.Release|x64.ActiveCfg = Release|Any CPU
		{397F7AE4-5416-4DE5-946F-0AE3C6B3964E}.Release|x64.Build.0 = Release|Any CPU
		{397F7AE4-5416-4DE5-946F-0AE3C6B3964E}.Release|x86.ActiveCfg = Release|Any CPU
		{397F7AE4-5416-4DE5-946F-0AE3C6B3964E}.Release|x86.Build.0 = Release|Any CPU
		{89C6504F-A46A-4230-B3D7-768B9863E686}.Debug|Any CPU.ActiveCfg = Debug|Any CPU
		{89C6504F-A46A-4230-B3D7-768B9863E686}.Debug|Any CPU.Build.0 = Debug|Any CPU
		{89C6504F-A46A-4230-B3D7-768B9863E686}.Debug|x64.ActiveCfg = Debug|Any CPU
		{89C6504F-A46A-4230-B3D7-768B9863E686}.Debug|x64.Build.0 = Debug|Any CPU
		{89C6504F-A46A-4230-B3D7-768B9863E686}.Debug|x86.ActiveCfg = Debug|Any CPU
		{89C6504F-A46A-4230-B3D7-768B9863E686}.Debug|x86.Build.0 = Debug|Any CPU
		{89C6504F-A46A-4230-B3D7-768B9863E686}.Release|Any CPU.ActiveCfg = Release|Any CPU
		{89C6504F-A46A-4230-B3D7-768B9863E686}.Release|Any CPU.Build.0 = Release|Any CPU
		{89C6504F-A46A-4230-B3D7-768B9863E686}.Release|x64.ActiveCfg = Release|Any CPU
		{89C6504F-A46A-4230-B3D7-768B9863E686}.Release|x64.Build.0 = Release|Any CPU
		{89C6504F-A46A-4230-B3D7-768B9863E686}.Release|x86.ActiveCfg = Release|Any CPU
		{89C6504F-A46A-4230-B3D7-768B9863E686}.Release|x86.Build.0 = Release|Any CPU
		{607BAE39-35C8-4D58-A21A-8F4D41706FEB}.Debug|Any CPU.ActiveCfg = Debug|Any CPU
		{607BAE39-35C8-4D58-A21A-8F4D41706FEB}.Debug|Any CPU.Build.0 = Debug|Any CPU
		{607BAE39-35C8-4D58-A21A-8F4D41706FEB}.Debug|x64.ActiveCfg = Debug|Any CPU
		{607BAE39-35C8-4D58-A21A-8F4D41706FEB}.Debug|x64.Build.0 = Debug|Any CPU
		{607BAE39-35C8-4D58-A21A-8F4D41706FEB}.Debug|x86.ActiveCfg = Debug|Any CPU
		{607BAE39-35C8-4D58-A21A-8F4D41706FEB}.Debug|x86.Build.0 = Debug|Any CPU
		{607BAE39-35C8-4D58-A21A-8F4D41706FEB}.Release|Any CPU.ActiveCfg = Release|Any CPU
		{607BAE39-35C8-4D58-A21A-8F4D41706FEB}.Release|Any CPU.Build.0 = Release|Any CPU
		{607BAE39-35C8-4D58-A21A-8F4D41706FEB}.Release|x64.ActiveCfg = Release|Any CPU
		{607BAE39-35C8-4D58-A21A-8F4D41706FEB}.Release|x64.Build.0 = Release|Any CPU
		{607BAE39-35C8-4D58-A21A-8F4D41706FEB}.Release|x86.ActiveCfg = Release|Any CPU
		{607BAE39-35C8-4D58-A21A-8F4D41706FEB}.Release|x86.Build.0 = Release|Any CPU
	EndGlobalSection
	GlobalSection(SolutionProperties) = preSolution
		HideSolutionNode = FALSE
	EndGlobalSection
	GlobalSection(NestedProjects) = preSolution
		{451DB42F-EA86-40F1-B841-5E3962A27EEF} = {54C27F26-71CB-9721-02CF-9E5332C2F895}
		{9D136E9A-37FF-4D4B-87AA-CCF9979726F3} = {54C27F26-71CB-9721-02CF-9E5332C2F895}
		{44594DC8-86B5-4098-91F2-76BBF0CC74FB} = {54C27F26-71CB-9721-02CF-9E5332C2F895}
		{23E6DD21-2C0A-46C8-BD74-A334B27F23CF} = {54C27F26-71CB-9721-02CF-9E5332C2F895}
		{8AC919E3-7BD6-4822-9E8D-CC0184C3A5CD} = {54C27F26-71CB-9721-02CF-9E5332C2F895}
		{49026E6C-80F9-4909-9762-FF3078736EC1} = {A83C926C-9EFE-6B3C-C52F-11854CC4D9A7}
		{4FA584BB-3AAB-4B8C-9CE1-EEE2F4C9650D} = {A83C926C-9EFE-6B3C-C52F-11854CC4D9A7}
		{397F7AE4-5416-4DE5-946F-0AE3C6B3964E} = {A83C926C-9EFE-6B3C-C52F-11854CC4D9A7}
		{89C6504F-A46A-4230-B3D7-768B9863E686} = {A83C926C-9EFE-6B3C-C52F-11854CC4D9A7}
		{607BAE39-35C8-4D58-A21A-8F4D41706FEB} = {A83C926C-9EFE-6B3C-C52F-11854CC4D9A7}
	EndGlobalSection
EndGlobal
